{
  "name": "flask-restplus",
  "version": "0.10.1",
  "lockfileVersion": 1,
  "requires": true,
  "dependencies": {
    "swagger-ui-dist": {
      "version": "3.17.5",
      "resolved": "https://registry.npmjs.org/swagger-ui-dist/-/swagger-ui-dist-3.17.5.tgz",
      "integrity": "sha512-6iRWUpSrCmJSkcnSbf59xFd8wvszN/Tw50lMl/1CZ+yWD+DTFedKpOdJ654cn79qlEa1UXbmIW1+JC5KyI9CYA=="
    },
    "typeface-droid-sans": {
      "version": "0.0.40",
      "resolved": "https://registry.npmjs.org/typeface-droid-sans/-/typeface-droid-sans-0.0.40.tgz",
      "integrity": "sha512-ZXfoQ5WJ+iSbF4bXo+4QlbOCOcgAZL65tfRTN095W5mUAgpbu0gRVN5JEA4W5VvPoGaxg/VUlBim84nZeeIm0Q=="
    }
  }
}
